
Microsoft Visual Studio Solution File, Format Version 12.00
# Visual Studio 15
VisualStudioVersion = 15.0.27703.2047
MinimumVisualStudioVersion = 10.0.40219.1
Project("{FAE04EC0-301F-11D3-BF4B-00C04F79EFBC}") = "DijsktraSongSong", "DijsktraSongSong\DijsktraSongSong.csproj", "{B21973FA-7F20-491B-BD00-E438F67030F9}"
EndProject
Global
	GlobalSection(SolutionConfigurationPlatforms) = preSolution
		Debug|Any CPU = Debug|Any CPU
		Release|Any CPU = Release|Any CPU
	EndGlobalSection
	GlobalSection(ProjectConfigurationPlatforms) = postSolution
		{B21973FA-7F20-491B-BD00-E438F67030F9}.Debug|Any CPU.ActiveCfg = Debug|Any CPU
		{B21973FA-7F20-491B-BD00-E438F67030F9}.Debug|Any CPU.Build.0 = Debug|Any CPU
		{B21973FA-7F20-491B-BD00-E438F67030F9}.Release|Any CPU.ActiveCfg = Release|Any CPU
		{B21973FA-7F20-491B-BD00-E438F67030F9}.Release|Any CPU.Build.0 = Release|Any CPU
	EndGlobalSection
	GlobalSection(SolutionProperties) = preSolution
		HideSolutionNode = FALSE
	EndGlobalSection
	GlobalSection(ExtensibilityGlobals) = postSolution
		SolutionGuid = {DE32CCA4-B7F3-41B3-8A7D-53EA11348CF4}
	EndGlobalSection
EndGlobal
